
Microsoft Visual Studio Solution File, Format Version 12.00
# Visual Studio 14
VisualStudioVersion = 14.0.23107.0
MinimumVisualStudioVersion = 10.0.40219.1
Project("{FAE04EC0-301F-11D3-BF4B-00C04F79EFBC}") = "PizzaNetCore", "PizzaNetCore\PizzaNetCore.csproj", "{2C38A75E-38F6-4A1E-A6A7-65CFA77C5823}"
EndProject
Project("{FAE04EC0-301F-11D3-BF4B-00C04F79EFBC}") = "PizzaNetWebAPI", "PizzaNetWebAPI\PizzaNetWebAPI.csproj", "{CAFADE4D-0055-49CF-808C-A8FB3C15F87B}"
EndProject
Project("{FAE04EC0-301F-11D3-BF4B-00C04F79EFBC}") = "PizzaNetWebAPI.Tests", "PizzaNetWebAPI.Tests\PizzaNetWebAPI.Tests.csproj", "{2701A085-9F76-4C61-8FDD-ADE711842E7F}"
EndProject
Project("{FAE04EC0-301F-11D3-BF4B-00C04F79EFBC}") = "Pizza.Net", "Pizza.Net\Pizza.Net\Pizza.Net.csproj", "{D6338BBA-AFB9-4BD2-92ED-6D124B08533F}"
EndProject
Project("{FAE04EC0-301F-11D3-BF4B-00C04F79EFBC}") = "PizzaNetDomain", "Pizza.Net\Pizza.Net.Domain\PizzaNetDomain.csproj", "{CF72506E-FF14-4748-9FFB-DD9F0E9D1789}"
EndProject
Project("{FAE04EC0-301F-11D3-BF4B-00C04F79EFBC}") = "Pizza.Net.Tests", "Pizza.Net\Pizza.Net.Tests\Pizza.Net.Tests.csproj", "{42375179-9618-445F-B9D1-ADEB8C75BEF7}"
EndProject
Global
	GlobalSection(SolutionConfigurationPlatforms) = preSolution
		Debug|Any CPU = Debug|Any CPU
		Release|Any CPU = Release|Any CPU
	EndGlobalSection
	GlobalSection(ProjectConfigurationPlatforms) = postSolution
		{2C38A75E-38F6-4A1E-A6A7-65CFA77C5823}.Debug|Any CPU.ActiveCfg = Debug|Any CPU
		{2C38A75E-38F6-4A1E-A6A7-65CFA77C5823}.Debug|Any CPU.Build.0 = Debug|Any CPU
		{2C38A75E-38F6-4A1E-A6A7-65CFA77C5823}.Release|Any CPU.ActiveCfg = Release|Any CPU
		{2C38A75E-38F6-4A1E-A6A7-65CFA77C5823}.Release|Any CPU.Build.0 = Release|Any CPU
		{CAFADE4D-0055-49CF-808C-A8FB3C15F87B}.Debug|Any CPU.ActiveCfg = Debug|Any CPU
		{CAFADE4D-0055-49CF-808C-A8FB3C15F87B}.Debug|Any CPU.Build.0 = Debug|Any CPU
		{CAFADE4D-0055-49CF-808C-A8FB3C15F87B}.Release|Any CPU.ActiveCfg = Release|Any CPU
		{CAFADE4D-0055-49CF-808C-A8FB3C15F87B}.Release|Any CPU.Build.0 = Release|Any CPU
		{2701A085-9F76-4C61-8FDD-ADE711842E7F}.Debug|Any CPU.ActiveCfg = Debug|Any CPU
		{2701A085-9F76-4C61-8FDD-ADE711842E7F}.Debug|Any CPU.Build.0 = Debug|Any CPU
		{2701A085-9F76-4C61-8FDD-ADE711842E7F}.Release|Any CPU.ActiveCfg = Release|Any CPU
		{2701A085-9F76-4C61-8FDD-ADE711842E7F}.Release|Any CPU.Build.0 = Release|Any CPU
		{D6338BBA-AFB9-4BD2-92ED-6D124B08533F}.Debug|Any CPU.ActiveCfg = Debug|Any CPU
		{D6338BBA-AFB9-4BD2-92ED-6D124B08533F}.Debug|Any CPU.Build.0 = Debug|Any CPU
		{D6338BBA-AFB9-4BD2-92ED-6D124B08533F}.Release|Any CPU.ActiveCfg = Release|Any CPU
		{D6338BBA-AFB9-4BD2-92ED-6D124B08533F}.Release|Any CPU.Build.0 = Release|Any CPU
		{CF72506E-FF14-4748-9FFB-DD9F0E9D1789}.Debug|Any CPU.ActiveCfg = Debug|Any CPU
		{CF72506E-FF14-4748-9FFB-DD9F0E9D1789}.Debug|Any CPU.Build.0 = Debug|Any CPU
		{CF72506E-FF14-4748-9FFB-DD9F0E9D1789}.Release|Any CPU.ActiveCfg = Release|Any CPU
		{CF72506E-FF14-4748-9FFB-DD9F0E9D1789}.Release|Any CPU.Build.0 = Release|Any CPU
		{42375179-9618-445F-B9D1-ADEB8C75BEF7}.Debug|Any CPU.ActiveCfg = Debug|Any CPU
		{42375179-9618-445F-B9D1-ADEB8C75BEF7}.Debug|Any CPU.Build.0 = Debug|Any CPU
		{42375179-9618-445F-B9D1-ADEB8C75BEF7}.Release|Any CPU.ActiveCfg = Release|Any CPU
		{42375179-9618-445F-B9D1-ADEB8C75BEF7}.Release|Any CPU.Build.0 = Release|Any CPU
	EndGlobalSection
	GlobalSection(SolutionProperties) = preSolution
		HideSolutionNode = FALSE
	EndGlobalSection
EndGlobal
